
Microsoft Visual Studio Solution File, Format Version 12.00
# Visual Studio Version 17
VisualStudioVersion = 17.3.32929.385
MinimumVisualStudioVersion = 10.0.40219.1
Project("{FAE04EC0-301F-11D3-BF4B-00C04F79EFBC}") = "OneSub.Server", "OneSub.Server\OneSub.Server.csproj", "{A6D813CF-63F8-40C4-8EC5-C5148105D742}"
EndProject
Project("{FAE04EC0-301F-11D3-BF4B-00C04F79EFBC}") = "OneSub.Client", "OneSub.Client\OneSub.Client.csproj", "{8CA326E4-3B41-4A3E-A725-2DAC341B509B}"
EndProject
Global
	GlobalSection(SolutionConfigurationPlatforms) = preSolution
		Debug|Any CPU = Debug|Any CPU
		Release|Any CPU = Release|Any CPU
	EndGlobalSection
	GlobalSection(ProjectConfigurationPlatforms) = postSolution
		{A6D813CF-63F8-40C4-8EC5-C5148105D742}.Debug|Any CPU.ActiveCfg = Debug|Any CPU
		{A6D813CF-63F8-40C4-8EC5-C5148105D742}.Debug|Any CPU.Build.0 = Debug|Any CPU
		{A6D813CF-63F8-40C4-8EC5-C5148105D742}.Release|Any CPU.ActiveCfg = Release|Any CPU
		{A6D813CF-63F8-40C4-8EC5-C5148105D742}.Release|Any CPU.Build.0 = Release|Any CPU
		{8CA326E4-3B41-4A3E-A725-2DAC341B509B}.Debug|Any CPU.ActiveCfg = Debug|Any CPU
		{8CA326E4-3B41-4A3E-A725-2DAC341B509B}.Debug|Any CPU.Build.0 = Debug|Any CPU
		{8CA326E4-3B41-4A3E-A725-2DAC341B509B}.Release|Any CPU.ActiveCfg = Release|Any CPU
		{8CA326E4-3B41-4A3E-A725-2DAC341B509B}.Release|Any CPU.Build.0 = Release|Any CPU
	EndGlobalSection
	GlobalSection(SolutionProperties) = preSolution
		HideSolutionNode = FALSE
	EndGlobalSection
	GlobalSection(ExtensibilityGlobals) = postSolution
		SolutionGuid = {6F209DBE-2433-4E85-8B01-84BE69B4C794}
	EndGlobalSection
EndGlobal
